
Microsoft Visual Studio Solution File, Format Version 12.00
Project("{FAE04EC0-301F-11D3-BF4B-00C04F79EFBC}") = "HW_05_12_2025", "HW_05_12_2025\HW_05_12_2025.csproj", "{81419B7E-A8D5-4541-ACE9-E5775BE21449}"
EndProject
Global
	GlobalSection(SolutionConfigurationPlatforms) = preSolution
		Debug|Any CPU = Debug|Any CPU
		Release|Any CPU = Release|Any CPU
	EndGlobalSection
	GlobalSection(ProjectConfigurationPlatforms) = postSolution
		{81419B7E-A8D5-4541-ACE9-E5775BE21449}.Debug|Any CPU.ActiveCfg = Debug|Any CPU
		{81419B7E-A8D5-4541-ACE9-E5775BE21449}.Debug|Any CPU.Build.0 = Debug|Any CPU
		{81419B7E-A8D5-4541-ACE9-E5775BE21449}.Release|Any CPU.ActiveCfg = Release|Any CPU
		{81419B7E-A8D5-4541-ACE9-E5775BE21449}.Release|Any CPU.Build.0 = Release|Any CPU
	EndGlobalSection
EndGlobal
