
Microsoft Visual Studio Solution File, Format Version 12.00
Project("{FAE04EC0-301F-11D3-BF4B-00C04F79EFBC}") = "Hw_16_01_26", "Hw_16_01_26\Hw_16_01_26.csproj", "{DB578AE1-A969-42FE-A40A-204B098C8935}"
EndProject
Global
	GlobalSection(SolutionConfigurationPlatforms) = preSolution
		Debug|Any CPU = Debug|Any CPU
		Release|Any CPU = Release|Any CPU
	EndGlobalSection
	GlobalSection(ProjectConfigurationPlatforms) = postSolution
		{DB578AE1-A969-42FE-A40A-204B098C8935}.Debug|Any CPU.ActiveCfg = Debug|Any CPU
		{DB578AE1-A969-42FE-A40A-204B098C8935}.Debug|Any CPU.Build.0 = Debug|Any CPU
		{DB578AE1-A969-42FE-A40A-204B098C8935}.Release|Any CPU.ActiveCfg = Release|Any CPU
		{DB578AE1-A969-42FE-A40A-204B098C8935}.Release|Any CPU.Build.0 = Release|Any CPU
	EndGlobalSection
EndGlobal
