
Microsoft Visual Studio Solution File, Format Version 12.00
Project("{FAE04EC0-301F-11D3-BF4B-00C04F79EFBC}") = "HW_12_12_2025", "HW_12_12_2025\HW_12_12_2025.csproj", "{C025FDEF-05AD-4363-A2FA-CC56D6F23258}"
EndProject
Global
	GlobalSection(SolutionConfigurationPlatforms) = preSolution
		Debug|Any CPU = Debug|Any CPU
		Release|Any CPU = Release|Any CPU
	EndGlobalSection
	GlobalSection(ProjectConfigurationPlatforms) = postSolution
		{C025FDEF-05AD-4363-A2FA-CC56D6F23258}.Debug|Any CPU.ActiveCfg = Debug|Any CPU
		{C025FDEF-05AD-4363-A2FA-CC56D6F23258}.Debug|Any CPU.Build.0 = Debug|Any CPU
		{C025FDEF-05AD-4363-A2FA-CC56D6F23258}.Release|Any CPU.ActiveCfg = Release|Any CPU
		{C025FDEF-05AD-4363-A2FA-CC56D6F23258}.Release|Any CPU.Build.0 = Release|Any CPU
	EndGlobalSection
EndGlobal
