
Microsoft Visual Studio Solution File, Format Version 12.00
Project("{FAE04EC0-301F-11D3-BF4B-00C04F79EFBC}") = "HW_19_12_25", "HW_19_12_25\HW_19_12_25.csproj", "{C953A0E3-4B9D-45D1-864F-A0960CFB3A1E}"
EndProject
Global
	GlobalSection(SolutionConfigurationPlatforms) = preSolution
		Debug|Any CPU = Debug|Any CPU
		Release|Any CPU = Release|Any CPU
	EndGlobalSection
	GlobalSection(ProjectConfigurationPlatforms) = postSolution
		{C953A0E3-4B9D-45D1-864F-A0960CFB3A1E}.Debug|Any CPU.ActiveCfg = Debug|Any CPU
		{C953A0E3-4B9D-45D1-864F-A0960CFB3A1E}.Debug|Any CPU.Build.0 = Debug|Any CPU
		{C953A0E3-4B9D-45D1-864F-A0960CFB3A1E}.Release|Any CPU.ActiveCfg = Release|Any CPU
		{C953A0E3-4B9D-45D1-864F-A0960CFB3A1E}.Release|Any CPU.Build.0 = Release|Any CPU
	EndGlobalSection
EndGlobal
