
Microsoft Visual Studio Solution File, Format Version 12.00
Project("{FAE04EC0-301F-11D3-BF4B-00C04F79EFBC}") = "Lesson_18", "Lesson_18\Lesson_18.csproj", "{68030027-04E9-4BF7-873B-18B4F6F6CDB2}"
EndProject
Global
	GlobalSection(SolutionConfigurationPlatforms) = preSolution
		Debug|Any CPU = Debug|Any CPU
		Release|Any CPU = Release|Any CPU
	EndGlobalSection
	GlobalSection(ProjectConfigurationPlatforms) = postSolution
		{68030027-04E9-4BF7-873B-18B4F6F6CDB2}.Debug|Any CPU.ActiveCfg = Debug|Any CPU
		{68030027-04E9-4BF7-873B-18B4F6F6CDB2}.Debug|Any CPU.Build.0 = Debug|Any CPU
		{68030027-04E9-4BF7-873B-18B4F6F6CDB2}.Release|Any CPU.ActiveCfg = Release|Any CPU
		{68030027-04E9-4BF7-873B-18B4F6F6CDB2}.Release|Any CPU.Build.0 = Release|Any CPU
	EndGlobalSection
EndGlobal
