
Microsoft Visual Studio Solution File, Format Version 12.00
Project("{FAE04EC0-301F-11D3-BF4B-00C04F79EFBC}") = "lesson_18", "lesson_18\lesson_18.csproj", "{408F3053-1B97-4CD5-9135-E287EA3A7F5D}"
EndProject
Global
	GlobalSection(SolutionConfigurationPlatforms) = preSolution
		Debug|Any CPU = Debug|Any CPU
		Release|Any CPU = Release|Any CPU
	EndGlobalSection
	GlobalSection(ProjectConfigurationPlatforms) = postSolution
		{408F3053-1B97-4CD5-9135-E287EA3A7F5D}.Debug|Any CPU.ActiveCfg = Debug|Any CPU
		{408F3053-1B97-4CD5-9135-E287EA3A7F5D}.Debug|Any CPU.Build.0 = Debug|Any CPU
		{408F3053-1B97-4CD5-9135-E287EA3A7F5D}.Release|Any CPU.ActiveCfg = Release|Any CPU
		{408F3053-1B97-4CD5-9135-E287EA3A7F5D}.Release|Any CPU.Build.0 = Release|Any CPU
	EndGlobalSection
EndGlobal
