
Microsoft Visual Studio Solution File, Format Version 12.00
Project("{FAE04EC0-301F-11D3-BF4B-00C04F79EFBC}") = "Academy", "Academy\Academy.csproj", "{1328A6FC-B0DB-4035-B8D5-F8BA4AE6DBB8}"
EndProject
Global
	GlobalSection(SolutionConfigurationPlatforms) = preSolution
		Debug|Any CPU = Debug|Any CPU
		Release|Any CPU = Release|Any CPU
	EndGlobalSection
	GlobalSection(ProjectConfigurationPlatforms) = postSolution
		{1328A6FC-B0DB-4035-B8D5-F8BA4AE6DBB8}.Debug|Any CPU.ActiveCfg = Debug|Any CPU
		{1328A6FC-B0DB-4035-B8D5-F8BA4AE6DBB8}.Debug|Any CPU.Build.0 = Debug|Any CPU
		{1328A6FC-B0DB-4035-B8D5-F8BA4AE6DBB8}.Release|Any CPU.ActiveCfg = Release|Any CPU
		{1328A6FC-B0DB-4035-B8D5-F8BA4AE6DBB8}.Release|Any CPU.Build.0 = Release|Any CPU
	EndGlobalSection
EndGlobal
