
Microsoft Visual Studio Solution File, Format Version 12.00
Project("{FAE04EC0-301F-11D3-BF4B-00C04F79EFBC}") = "Lesson_9", "Lesson_9\Lesson_9.csproj", "{E65FF86C-FFB8-4C73-ABEB-980920C2750E}"
EndProject
Global
	GlobalSection(SolutionConfigurationPlatforms) = preSolution
		Debug|Any CPU = Debug|Any CPU
		Release|Any CPU = Release|Any CPU
	EndGlobalSection
	GlobalSection(ProjectConfigurationPlatforms) = postSolution
		{E65FF86C-FFB8-4C73-ABEB-980920C2750E}.Debug|Any CPU.ActiveCfg = Debug|Any CPU
		{E65FF86C-FFB8-4C73-ABEB-980920C2750E}.Debug|Any CPU.Build.0 = Debug|Any CPU
		{E65FF86C-FFB8-4C73-ABEB-980920C2750E}.Release|Any CPU.ActiveCfg = Release|Any CPU
		{E65FF86C-FFB8-4C73-ABEB-980920C2750E}.Release|Any CPU.Build.0 = Release|Any CPU
	EndGlobalSection
EndGlobal
